
Microsoft Visual Studio Solution File, Format Version 12.00
# Visual Studio Version 17
VisualStudioVersion = 17.9.34526.213
MinimumVisualStudioVersion = 10.0.40219.1
Project("{9A19103F-16F7-4668-BE54-9A1E7A4F7556}") = "HelloWorld", "HelloWorld\HelloWorld.csproj", "{9804BDC3-3462-40C3-A8CB-FFF8C7B2DA13}"
EndProject
Project("{9A19103F-16F7-4668-BE54-9A1E7A4F7556}") = "EsrcizioProfiloUtente", "EsrcizioProfiloUtente\EsrcizioProfiloUtente.csproj", "{12778B2A-B579-4821-A287-0B832A3EADF0}"
EndProject
Project("{9A19103F-16F7-4668-BE54-9A1E7A4F7556}") = "EsercizioModerazione", "EsercizioModerazione\EsercizioModerazione.csproj", "{499099AB-B88F-4384-9F63-7A7BD1BD78E5}"
EndProject
Project("{9A19103F-16F7-4668-BE54-9A1E7A4F7556}") = "EsercizioCalcoloMonete", "EsercizioCalcoloMonete\EsercizioCalcoloMonete.csproj", "{692D434E-BFA4-4F60-988A-2044A5B3AC93}"
EndProject
Project("{9A19103F-16F7-4668-BE54-9A1E7A4F7556}") = "EsercizioControlloPassword", "EsercizioControlloPassword\EsercizioControlloPassword.csproj", "{E01A2FAD-861E-4E88-B022-960F81FB24DE}"
EndProject
Project("{9A19103F-16F7-4668-BE54-9A1E7A4F7556}") = "EsercizioPalestra", "EsercizioPalestra\EsercizioPalestra.csproj", "{B64BF57E-DF2C-4DA6-A633-B7A1E15F082A}"
EndProject
Project("{9A19103F-16F7-4668-BE54-9A1E7A4F7556}") = "EsercizioImpostaLorda", "EsercizioImpostaLorda\EsercizioImpostaLorda.csproj", "{DAD2A5CF-2FEB-4B6D-82B7-9D36875DF1AA}"
EndProject
Project("{9A19103F-16F7-4668-BE54-9A1E7A4F7556}") = "Metodi", "Metodi\Metodi.csproj", "{9037BB27-5A88-4611-A7FA-4F4C14F88DDA}"
EndProject
Project("{9A19103F-16F7-4668-BE54-9A1E7A4F7556}") = "TopLevelStatements", "TopLevelStatements\TopLevelStatements.csproj", "{E1120635-7B3B-459E-878E-7AB0D0EEAD32}"
EndProject
Project("{9A19103F-16F7-4668-BE54-9A1E7A4F7556}") = "EsercizioCalcoloArea", "EsercizioCalcoloArea\EsercizioCalcoloArea.csproj", "{3AD598D0-EFC3-4E10-8914-5249F42D3CC8}"
EndProject
Project("{9A19103F-16F7-4668-BE54-9A1E7A4F7556}") = "ArrayEList", "ArrayEList\ArrayEList.csproj", "{B948B2DD-7739-4FE0-84AD-754081BF6A50}"
EndProject
Project("{9A19103F-16F7-4668-BE54-9A1E7A4F7556}") = "EsempioArrayMenuRistorante", "EsempioArrayMenuRistorante\EsempioArrayMenuRistorante.csproj", "{8AE3C9FA-8207-4C13-8F3D-C0EA534D06EF}"
EndProject
Project("{9A19103F-16F7-4668-BE54-9A1E7A4F7556}") = "Cicli", "Cicli\Cicli.csproj", "{6333BBB5-6878-4C38-96C0-EF6F3FE7CD4E}"
EndProject
Project("{9A19103F-16F7-4668-BE54-9A1E7A4F7556}") = "EsercizioQuiz", "EsercizioQuiz\EsercizioQuiz.csproj", "{91771457-16F9-441F-BA28-52EF23D71F83}"
EndProject
Project("{9A19103F-16F7-4668-BE54-9A1E7A4F7556}") = "EsercizioCaesarCipher", "EsercizioCaesarCipher\EsercizioCaesarCipher.csproj", "{CD36AE8D-7B5B-4FB9-A8C4-6B0BCFA7DF80}"
EndProject
Project("{9A19103F-16F7-4668-BE54-9A1E7A4F7556}") = "EsercizioCaesarCipher2", "EsercizioCaesarCipher2\EsercizioCaesarCipher2.csproj", "{89EDFB8F-B9F3-4659-9F2F-B4CA00E4DF2F}"
EndProject
Project("{9A19103F-16F7-4668-BE54-9A1E7A4F7556}") = "OOP", "OOP\OOP.csproj", "{8FACE31D-F4CB-47ED-8D12-5235FA30FC43}"
EndProject
Project("{9A19103F-16F7-4668-BE54-9A1E7A4F7556}") = "EsempioMenuOOP", "EsempioMenuOOP\EsempioMenuOOP.csproj", "{0E867846-C358-4965-88FC-58596D71B5D9}"
EndProject
Project("{9A19103F-16F7-4668-BE54-9A1E7A4F7556}") = "EsercizioContoBancario", "EsercizioContoBancario\EsercizioContoBancario.csproj", "{93AEA42A-8FED-4E8D-AC0B-40B40BBB18BE}"
EndProject
Project("{FAE04EC0-301F-11D3-BF4B-00C04F79EFBC}") = "OOPInheritance", "OOPInheritance\OOPInheritance.csproj", "{D3E2C1EB-6A20-4BC4-96FD-AFE006FDFC7F}"
EndProject
Project("{FAE04EC0-301F-11D3-BF4B-00C04F79EFBC}") = "EsercizioInheritance", "EsercizioInheritance\EsercizioInheritance.csproj", "{5A85CA2B-A83D-4878-B307-DC3984934702}"
EndProject
Project("{FAE04EC0-301F-11D3-BF4B-00C04F79EFBC}") = "OOPPolimorfismo", "OOPPolimorfismo\OOPPolimorfismo.csproj", "{B0BF05C9-1E58-42EE-9816-2310127A7452}"
EndProject
Project("{FAE04EC0-301F-11D3-BF4B-00C04F79EFBC}") = "EsercizioQuizPolimorfismo", "EsercizioQuizPolimorfismo\EsercizioQuizPolimorfismo.csproj", "{CA96DB44-10AC-4949-91F2-8E3012F7928E}"
EndProject
Global
	GlobalSection(SolutionConfigurationPlatforms) = preSolution
		Debug|Any CPU = Debug|Any CPU
		Release|Any CPU = Release|Any CPU
	EndGlobalSection
	GlobalSection(ProjectConfigurationPlatforms) = postSolution
		{9804BDC3-3462-40C3-A8CB-FFF8C7B2DA13}.Debug|Any CPU.ActiveCfg = Debug|Any CPU
		{9804BDC3-3462-40C3-A8CB-FFF8C7B2DA13}.Debug|Any CPU.Build.0 = Debug|Any CPU
		{9804BDC3-3462-40C3-A8CB-FFF8C7B2DA13}.Release|Any CPU.ActiveCfg = Release|Any CPU
		{9804BDC3-3462-40C3-A8CB-FFF8C7B2DA13}.Release|Any CPU.Build.0 = Release|Any CPU
		{12778B2A-B579-4821-A287-0B832A3EADF0}.Debug|Any CPU.ActiveCfg = Debug|Any CPU
		{12778B2A-B579-4821-A287-0B832A3EADF0}.Debug|Any CPU.Build.0 = Debug|Any CPU
		{12778B2A-B579-4821-A287-0B832A3EADF0}.Release|Any CPU.ActiveCfg = Release|Any CPU
		{12778B2A-B579-4821-A287-0B832A3EADF0}.Release|Any CPU.Build.0 = Release|Any CPU
		{499099AB-B88F-4384-9F63-7A7BD1BD78E5}.Debug|Any CPU.ActiveCfg = Debug|Any CPU
		{499099AB-B88F-4384-9F63-7A7BD1BD78E5}.Debug|Any CPU.Build.0 = Debug|Any CPU
		{499099AB-B88F-4384-9F63-7A7BD1BD78E5}.Release|Any CPU.ActiveCfg = Release|Any CPU
		{499099AB-B88F-4384-9F63-7A7BD1BD78E5}.Release|Any CPU.Build.0 = Release|Any CPU
		{692D434E-BFA4-4F60-988A-2044A5B3AC93}.Debug|Any CPU.ActiveCfg = Debug|Any CPU
		{692D434E-BFA4-4F60-988A-2044A5B3AC93}.Debug|Any CPU.Build.0 = Debug|Any CPU
		{692D434E-BFA4-4F60-988A-2044A5B3AC93}.Release|Any CPU.ActiveCfg = Release|Any CPU
		{692D434E-BFA4-4F60-988A-2044A5B3AC93}.Release|Any CPU.Build.0 = Release|Any CPU
		{E01A2FAD-861E-4E88-B022-960F81FB24DE}.Debug|Any CPU.ActiveCfg = Debug|Any CPU
		{E01A2FAD-861E-4E88-B022-960F81FB24DE}.Debug|Any CPU.Build.0 = Debug|Any CPU
		{E01A2FAD-861E-4E88-B022-960F81FB24DE}.Release|Any CPU.ActiveCfg = Release|Any CPU
		{E01A2FAD-861E-4E88-B022-960F81FB24DE}.Release|Any CPU.Build.0 = Release|Any CPU
		{B64BF57E-DF2C-4DA6-A633-B7A1E15F082A}.Debug|Any CPU.ActiveCfg = Debug|Any CPU
		{B64BF57E-DF2C-4DA6-A633-B7A1E15F082A}.Debug|Any CPU.Build.0 = Debug|Any CPU
		{B64BF57E-DF2C-4DA6-A633-B7A1E15F082A}.Release|Any CPU.ActiveCfg = Release|Any CPU
		{B64BF57E-DF2C-4DA6-A633-B7A1E15F082A}.Release|Any CPU.Build.0 = Release|Any CPU
		{DAD2A5CF-2FEB-4B6D-82B7-9D36875DF1AA}.Debug|Any CPU.ActiveCfg = Debug|Any CPU
		{DAD2A5CF-2FEB-4B6D-82B7-9D36875DF1AA}.Debug|Any CPU.Build.0 = Debug|Any CPU
		{DAD2A5CF-2FEB-4B6D-82B7-9D36875DF1AA}.Release|Any CPU.ActiveCfg = Release|Any CPU
		{DAD2A5CF-2FEB-4B6D-82B7-9D36875DF1AA}.Release|Any CPU.Build.0 = Release|Any CPU
		{9037BB27-5A88-4611-A7FA-4F4C14F88DDA}.Debug|Any CPU.ActiveCfg = Debug|Any CPU
		{9037BB27-5A88-4611-A7FA-4F4C14F88DDA}.Debug|Any CPU.Build.0 = Debug|Any CPU
		{9037BB27-5A88-4611-A7FA-4F4C14F88DDA}.Release|Any CPU.ActiveCfg = Release|Any CPU
		{9037BB27-5A88-4611-A7FA-4F4C14F88DDA}.Release|Any CPU.Build.0 = Release|Any CPU
		{E1120635-7B3B-459E-878E-7AB0D0EEAD32}.Debug|Any CPU.ActiveCfg = Debug|Any CPU
		{E1120635-7B3B-459E-878E-7AB0D0EEAD32}.Debug|Any CPU.Build.0 = Debug|Any CPU
		{E1120635-7B3B-459E-878E-7AB0D0EEAD32}.Release|Any CPU.ActiveCfg = Release|Any CPU
		{E1120635-7B3B-459E-878E-7AB0D0EEAD32}.Release|Any CPU.Build.0 = Release|Any CPU
		{3AD598D0-EFC3-4E10-8914-5249F42D3CC8}.Debug|Any CPU.ActiveCfg = Debug|Any CPU
		{3AD598D0-EFC3-4E10-8914-5249F42D3CC8}.Debug|Any CPU.Build.0 = Debug|Any CPU
		{3AD598D0-EFC3-4E10-8914-5249F42D3CC8}.Release|Any CPU.ActiveCfg = Release|Any CPU
		{3AD598D0-EFC3-4E10-8914-5249F42D3CC8}.Release|Any CPU.Build.0 = Release|Any CPU
		{B948B2DD-7739-4FE0-84AD-754081BF6A50}.Debug|Any CPU.ActiveCfg = Debug|Any CPU
		{B948B2DD-7739-4FE0-84AD-754081BF6A50}.Debug|Any CPU.Build.0 = Debug|Any CPU
		{B948B2DD-7739-4FE0-84AD-754081BF6A50}.Release|Any CPU.ActiveCfg = Release|Any CPU
		{B948B2DD-7739-4FE0-84AD-754081BF6A50}.Release|Any CPU.Build.0 = Release|Any CPU
		{8AE3C9FA-8207-4C13-8F3D-C0EA534D06EF}.Debug|Any CPU.ActiveCfg = Debug|Any CPU
		{8AE3C9FA-8207-4C13-8F3D-C0EA534D06EF}.Debug|Any CPU.Build.0 = Debug|Any CPU
		{8AE3C9FA-8207-4C13-8F3D-C0EA534D06EF}.Release|Any CPU.ActiveCfg = Release|Any CPU
		{8AE3C9FA-8207-4C13-8F3D-C0EA534D06EF}.Release|Any CPU.Build.0 = Release|Any CPU
		{6333BBB5-6878-4C38-96C0-EF6F3FE7CD4E}.Debug|Any CPU.ActiveCfg = Debug|Any CPU
		{6333BBB5-6878-4C38-96C0-EF6F3FE7CD4E}.Debug|Any CPU.Build.0 = Debug|Any CPU
		{6333BBB5-6878-4C38-96C0-EF6F3FE7CD4E}.Release|Any CPU.ActiveCfg = Release|Any CPU
		{6333BBB5-6878-4C38-96C0-EF6F3FE7CD4E}.Release|Any CPU.Build.0 = Release|Any CPU
		{91771457-16F9-441F-BA28-52EF23D71F83}.Debug|Any CPU.ActiveCfg = Debug|Any CPU
		{91771457-16F9-441F-BA28-52EF23D71F83}.Debug|Any CPU.Build.0 = Debug|Any CPU
		{91771457-16F9-441F-BA28-52EF23D71F83}.Release|Any CPU.ActiveCfg = Release|Any CPU
		{91771457-16F9-441F-BA28-52EF23D71F83}.Release|Any CPU.Build.0 = Release|Any CPU
		{CD36AE8D-7B5B-4FB9-A8C4-6B0BCFA7DF80}.Debug|Any CPU.ActiveCfg = Debug|Any CPU
		{CD36AE8D-7B5B-4FB9-A8C4-6B0BCFA7DF80}.Debug|Any CPU.Build.0 = Debug|Any CPU
		{CD36AE8D-7B5B-4FB9-A8C4-6B0BCFA7DF80}.Release|Any CPU.ActiveCfg = Release|Any CPU
		{CD36AE8D-7B5B-4FB9-A8C4-6B0BCFA7DF80}.Release|Any CPU.Build.0 = Release|Any CPU
		{89EDFB8F-B9F3-4659-9F2F-B4CA00E4DF2F}.Debug|Any CPU.ActiveCfg = Debug|Any CPU
		{89EDFB8F-B9F3-4659-9F2F-B4CA00E4DF2F}.Debug|Any CPU.Build.0 = Debug|Any CPU
		{89EDFB8F-B9F3-4659-9F2F-B4CA00E4DF2F}.Release|Any CPU.ActiveCfg = Release|Any CPU
		{89EDFB8F-B9F3-4659-9F2F-B4CA00E4DF2F}.Release|Any CPU.Build.0 = Release|Any CPU
		{8FACE31D-F4CB-47ED-8D12-5235FA30FC43}.Debug|Any CPU.ActiveCfg = Debug|Any CPU
		{8FACE31D-F4CB-47ED-8D12-5235FA30FC43}.Debug|Any CPU.Build.0 = Debug|Any CPU
		{8FACE31D-F4CB-47ED-8D12-5235FA30FC43}.Release|Any CPU.ActiveCfg = Release|Any CPU
		{8FACE31D-F4CB-47ED-8D12-5235FA30FC43}.Release|Any CPU.Build.0 = Release|Any CPU
		{0E867846-C358-4965-88FC-58596D71B5D9}.Debug|Any CPU.ActiveCfg = Debug|Any CPU
		{0E867846-C358-4965-88FC-58596D71B5D9}.Debug|Any CPU.Build.0 = Debug|Any CPU
		{0E867846-C358-4965-88FC-58596D71B5D9}.Release|Any CPU.ActiveCfg = Release|Any CPU
		{0E867846-C358-4965-88FC-58596D71B5D9}.Release|Any CPU.Build.0 = Release|Any CPU
		{93AEA42A-8FED-4E8D-AC0B-40B40BBB18BE}.Debug|Any CPU.ActiveCfg = Debug|Any CPU
		{93AEA42A-8FED-4E8D-AC0B-40B40BBB18BE}.Debug|Any CPU.Build.0 = Debug|Any CPU
		{93AEA42A-8FED-4E8D-AC0B-40B40BBB18BE}.Release|Any CPU.ActiveCfg = Release|Any CPU
		{93AEA42A-8FED-4E8D-AC0B-40B40BBB18BE}.Release|Any CPU.Build.0 = Release|Any CPU
		{D3E2C1EB-6A20-4BC4-96FD-AFE006FDFC7F}.Debug|Any CPU.ActiveCfg = Debug|Any CPU
		{D3E2C1EB-6A20-4BC4-96FD-AFE006FDFC7F}.Debug|Any CPU.Build.0 = Debug|Any CPU
		{D3E2C1EB-6A20-4BC4-96FD-AFE006FDFC7F}.Release|Any CPU.ActiveCfg = Release|Any CPU
		{D3E2C1EB-6A20-4BC4-96FD-AFE006FDFC7F}.Release|Any CPU.Build.0 = Release|Any CPU
		{5A85CA2B-A83D-4878-B307-DC3984934702}.Debug|Any CPU.ActiveCfg = Debug|Any CPU
		{5A85CA2B-A83D-4878-B307-DC3984934702}.Debug|Any CPU.Build.0 = Debug|Any CPU
		{5A85CA2B-A83D-4878-B307-DC3984934702}.Release|Any CPU.ActiveCfg = Release|Any CPU
		{5A85CA2B-A83D-4878-B307-DC3984934702}.Release|Any CPU.Build.0 = Release|Any CPU
		{B0BF05C9-1E58-42EE-9816-2310127A7452}.Debug|Any CPU.ActiveCfg = Debug|Any CPU
		{B0BF05C9-1E58-42EE-9816-2310127A7452}.Debug|Any CPU.Build.0 = Debug|Any CPU
		{B0BF05C9-1E58-42EE-9816-2310127A7452}.Release|Any CPU.ActiveCfg = Release|Any CPU
		{B0BF05C9-1E58-42EE-9816-2310127A7452}.Release|Any CPU.Build.0 = Release|Any CPU
		{CA96DB44-10AC-4949-91F2-8E3012F7928E}.Debug|Any CPU.ActiveCfg = Debug|Any CPU
		{CA96DB44-10AC-4949-91F2-8E3012F7928E}.Debug|Any CPU.Build.0 = Debug|Any CPU
		{CA96DB44-10AC-4949-91F2-8E3012F7928E}.Release|Any CPU.ActiveCfg = Release|Any CPU
		{CA96DB44-10AC-4949-91F2-8E3012F7928E}.Release|Any CPU.Build.0 = Release|Any CPU
	EndGlobalSection
	GlobalSection(SolutionProperties) = preSolution
		HideSolutionNode = FALSE
	EndGlobalSection
	GlobalSection(ExtensibilityGlobals) = postSolution
		SolutionGuid = {6660B670-54AC-4A61-8E35-5D717B336032}
	EndGlobalSection
EndGlobal
